
Microsoft Visual Studio Solution File, Format Version 12.00
# Visual Studio Express 2013 for Windows Desktop
VisualStudioVersion = 12.0.31101.0
MinimumVisualStudioVersion = 10.0.40219.1
Project("{FAE04EC0-301F-11D3-BF4B-00C04F79EFBC}") = "WindowChanging", "WindowChanging\WindowChanging.csproj", "{6CB3D171-02EE-40B1-8BB2-25BC8BD2FF70}"
EndProject
Project("{FAE04EC0-301F-11D3-BF4B-00C04F79EFBC}") = "Models", "Models\Models.csproj", "{F5561B28-2995-4EE2-AFA6-DCB82CA64BB3}"
EndProject
Project("{FAE04EC0-301F-11D3-BF4B-00C04F79EFBC}") = "Services", "Services\Services.csproj", "{AA8AF011-6C41-4284-B3E2-FDCB39C54580}"
EndProject
Project("{FAE04EC0-301F-11D3-BF4B-00C04F79EFBC}") = "Controllers", "Controllers\Controllers.csproj", "{656BB65F-0771-4748-8318-F8DA59429005}"
EndProject
Project("{FAE04EC0-301F-11D3-BF4B-00C04F79EFBC}") = "ViewModel", "ViewModel\ViewModel.csproj", "{455EDCF0-A40D-4A99-9357-2EB1FC5D235E}"
EndProject
Global
	GlobalSection(SolutionConfigurationPlatforms) = preSolution
		Debug|Any CPU = Debug|Any CPU
		Release|Any CPU = Release|Any CPU
	EndGlobalSection
	GlobalSection(ProjectConfigurationPlatforms) = postSolution
		{6CB3D171-02EE-40B1-8BB2-25BC8BD2FF70}.Debug|Any CPU.ActiveCfg = Debug|Any CPU
		{6CB3D171-02EE-40B1-8BB2-25BC8BD2FF70}.Debug|Any CPU.Build.0 = Debug|Any CPU
		{6CB3D171-02EE-40B1-8BB2-25BC8BD2FF70}.Release|Any CPU.ActiveCfg = Release|Any CPU
		{6CB3D171-02EE-40B1-8BB2-25BC8BD2FF70}.Release|Any CPU.Build.0 = Release|Any CPU
		{F5561B28-2995-4EE2-AFA6-DCB82CA64BB3}.Debug|Any CPU.ActiveCfg = Debug|Any CPU
		{F5561B28-2995-4EE2-AFA6-DCB82CA64BB3}.Debug|Any CPU.Build.0 = Debug|Any CPU
		{F5561B28-2995-4EE2-AFA6-DCB82CA64BB3}.Release|Any CPU.ActiveCfg = Release|Any CPU
		{F5561B28-2995-4EE2-AFA6-DCB82CA64BB3}.Release|Any CPU.Build.0 = Release|Any CPU
		{AA8AF011-6C41-4284-B3E2-FDCB39C54580}.Debug|Any CPU.ActiveCfg = Debug|Any CPU
		{AA8AF011-6C41-4284-B3E2-FDCB39C54580}.Debug|Any CPU.Build.0 = Debug|Any CPU
		{AA8AF011-6C41-4284-B3E2-FDCB39C54580}.Release|Any CPU.ActiveCfg = Release|Any CPU
		{AA8AF011-6C41-4284-B3E2-FDCB39C54580}.Release|Any CPU.Build.0 = Release|Any CPU
		{656BB65F-0771-4748-8318-F8DA59429005}.Debug|Any CPU.ActiveCfg = Debug|Any CPU
		{656BB65F-0771-4748-8318-F8DA59429005}.Debug|Any CPU.Build.0 = Debug|Any CPU
		{656BB65F-0771-4748-8318-F8DA59429005}.Release|Any CPU.ActiveCfg = Release|Any CPU
		{656BB65F-0771-4748-8318-F8DA59429005}.Release|Any CPU.Build.0 = Release|Any CPU
		{455EDCF0-A40D-4A99-9357-2EB1FC5D235E}.Debug|Any CPU.ActiveCfg = Debug|Any CPU
		{455EDCF0-A40D-4A99-9357-2EB1FC5D235E}.Debug|Any CPU.Build.0 = Debug|Any CPU
		{455EDCF0-A40D-4A99-9357-2EB1FC5D235E}.Release|Any CPU.ActiveCfg = Release|Any CPU
		{455EDCF0-A40D-4A99-9357-2EB1FC5D235E}.Release|Any CPU.Build.0 = Release|Any CPU
	EndGlobalSection
	GlobalSection(SolutionProperties) = preSolution
		HideSolutionNode = FALSE
	EndGlobalSection
EndGlobal
